{
  "name": "@effectorhq/serve",
  "version": "0.1.0",
  "lockfileVersion": 3,
  "requires": true,
  "packages": {
    "": {
      "name": "@effectorhq/serve",
      "version": "0.1.0",
      "license": "Apache-2.0",
      "dependencies": {
        "@effectorhq/compose": "file:../effector-compose",
        "@effectorhq/core": "file:../effector-core",
        "@effectorhq/skill-mcp": "file:../openclaw-mcp",
        "@effectorhq/types": "file:../effector-types"
      },
      "bin": {
        "effector-serve": "bin/effector-serve.js"
      },
      "engines": {
        "node": ">=18"
      }
    },
    "../effector-compose": {
      "name": "@effectorhq/compose",
      "version": "1.0.0",
      "license": "Apache-2.0",
      "dependencies": {
        "@effectorhq/core": "^1.0.0",
        "@effectorhq/types": "^1.0.0"
      },
      "bin": {
        "effector-compose": "bin/effector-compose.js"
      },
      "engines": {
        "node": ">=18.0.0"
      }
    },
    "../effector-core": {
      "name": "@effectorhq/core",
      "version": "1.0.0",
      "license": "Apache-2.0",
      "bin": {
        "effector-core": "src/cli.js"
      },
      "engines": {
        "node": ">=18"
      },
      "funding": {
        "type": "github",
        "url": "https://github.com/sponsors/effectorHQ"
      }
    },
    "../effector-types": {
      "name": "@effectorhq/types",
      "version": "1.0.0",
      "license": "Apache-2.0",
      "devDependencies": {
        "@types/node": "^25.5.0",
        "typescript": "^5.4.0"
      },
      "engines": {
        "node": ">=18.0.0"
      }
    },
    "../effector-types/node_modules/@types/node": {
      "version": "25.5.0",
      "dev": true,
      "license": "MIT",
      "dependencies": {
        "undici-types": "~7.18.0"
      }
    },
    "../effector-types/node_modules/typescript": {
      "version": "5.9.3",
      "dev": true,
      "license": "Apache-2.0",
      "bin": {
        "tsc": "bin/tsc",
        "tsserver": "bin/tsserver"
      },
      "engines": {
        "node": ">=14.17"
      }
    },
    "../effector-types/node_modules/undici-types": {
      "version": "7.18.2",
      "dev": true,
      "license": "MIT"
    },
    "../openclaw-mcp": {
      "name": "@effectorhq/skill-mcp",
      "version": "0.1.0",
      "license": "Apache-2.0",
      "dependencies": {
        "@effectorhq/core": "^1.0.0"
      },
      "bin": {
        "skill-mcp": "bin/skill-mcp.js"
      },
      "engines": {
        "node": ">=18"
      }
    },
    "../openclaw-mcp/node_modules/@effectorhq/core": {
      "resolved": "../effector-core",
      "link": true
    },
    "node_modules/@effectorhq/compose": {
      "resolved": "../effector-compose",
      "link": true
    },
    "node_modules/@effectorhq/core": {
      "resolved": "../effector-core",
      "link": true
    },
    "node_modules/@effectorhq/skill-mcp": {
      "resolved": "../openclaw-mcp",
      "link": true
    },
    "node_modules/@effectorhq/types": {
      "resolved": "../effector-types",
      "link": true
    }
  }
}
